<?xml version="1.0" encoding="utf-8"?>
<Project ToolsVersion="4.0" xmlns="http://schemas.microsoft.com/developer/msbuild/2003">
  <ItemGroup>
    <Filter Include="src">
      <UniqueIdentifier>{fa26e22e-18b7-4853-90ba-c502b182623b}</UniqueIdentifier>
    </Filter>
    <Filter Include="src\InitialValues">
      <UniqueIdentifier>{8f7641de-a582-4415-bcee-43579924a6df}</UniqueIdentifier>
    </Filter>
    <Filter Include="src\VulkanRenderPasses">
      <UniqueIdentifier>{07bee7b7-2659-409d-9fab-20735283fcff}</UniqueIdentifier>
    </Filter>
    <Filter Include="src\VulkanEngine">
      <UniqueIdentifier>{18088399-195d-404d-bf9e-17daa68fd0a0}</UniqueIdentifier>
    </Filter>
    <Filter Include="src\Utilities">
      <UniqueIdentifier>{a6304020-94bc-4dc8-8dc7-ebfdc64a6f79}</UniqueIdentifier>
    </Filter>
    <Filter Include="src\Utilities\SceneConversionTool">
      <UniqueIdentifier>{a8c652d5-a37d-402a-a984-d8265fee436a}</UniqueIdentifier>
    </Filter>
  </ItemGroup>
  <ItemGroup>
    <ClCompile Include="src\main.cpp">
      <Filter>src</Filter>
    </ClCompile>
    <ClCompile Include="src\IndirectRenderer.cpp">
      <Filter>src\VulkanRenderPasses</Filter>
    </ClCompile>
    <ClCompile Include="src\DeferredComputeRenderer.cpp">
      <Filter>src\VulkanRenderPasses</Filter>
    </ClCompile>
    <ClCompile Include="src\DeferredForwardRenderer.cpp">
      <Filter>src\VulkanRenderPasses</Filter>
    </ClCompile>
    <ClCompile Include="src\GeometryConverter.cpp">
      <Filter>src\Utilities\SceneConversionTool</Filter>
    </ClCompile>
    <ClCompile Include="src\ProcessSceneMetaData.cpp">
      <Filter>src\Utilities\SceneConversionTool</Filter>
    </ClCompile>
    <ClCompile Include="src\MaterialLoaderAndSaver.cpp">
      <Filter>src\Utilities\SceneConversionTool</Filter>
    </ClCompile>
    <ClCompile Include="src\SceneLoaderAndSaver.cpp">
      <Filter>src\Utilities\SceneConversionTool</Filter>
    </ClCompile>
    <ClCompile Include="src\Renderbase.cpp">
      <Filter>src\VulkanRenderPasses</Filter>
    </ClCompile>
    <ClCompile Include="src\SceneConverter.cpp">
      <Filter>src\Utilities\SceneConversionTool</Filter>
    </ClCompile>
    <ClCompile Include="src\indexgenerator.cpp">
      <Filter>src\Utilities\SceneConversionTool</Filter>
    </ClCompile>
    <ClCompile Include="src\indexcodec.cpp">
      <Filter>src\Utilities\SceneConversionTool</Filter>
    </ClCompile>
    <ClCompile Include="src\overdrawoptimizer.cpp">
      <Filter>src\Utilities\SceneConversionTool</Filter>
    </ClCompile>
    <ClCompile Include="src\overdrawanalyzer.cpp">
      <Filter>src\Utilities\SceneConversionTool</Filter>
    </ClCompile>
    <ClCompile Include="src\simplifier.cpp">
      <Filter>src\Utilities\SceneConversionTool</Filter>
    </ClCompile>
    <ClCompile Include="src\spatialorder.cpp">
      <Filter>src\Utilities\SceneConversionTool</Filter>
    </ClCompile>
    <ClCompile Include="src\vcacheanalyzer.cpp">
      <Filter>src\Utilities\SceneConversionTool</Filter>
    </ClCompile>
    <ClCompile Include="src\vcacheoptimizer.cpp">
      <Filter>src\Utilities\SceneConversionTool</Filter>
    </ClCompile>
    <ClCompile Include="src\vertexcodec.cpp">
      <Filter>src\Utilities\SceneConversionTool</Filter>
    </ClCompile>
    <ClCompile Include="src\vertexfilter.cpp">
      <Filter>src\Utilities\SceneConversionTool</Filter>
    </ClCompile>
    <ClCompile Include="src\vfetchanalyzer.cpp">
      <Filter>src\Utilities\SceneConversionTool</Filter>
    </ClCompile>
    <ClCompile Include="src\vfetchoptimizer.cpp">
      <Filter>src\Utilities\SceneConversionTool</Filter>
    </ClCompile>
    <ClCompile Include="src\stripifier.cpp">
      <Filter>src\Utilities\SceneConversionTool</Filter>
    </ClCompile>
    <ClCompile Include="src\spirv_reflect.c">
      <Filter>src\VulkanEngine</Filter>
    </ClCompile>
    <ClCompile Include="src\SpirvPipelineGenerator.cpp">
      <Filter>src\VulkanEngine</Filter>
    </ClCompile>
    <ClCompile Include="src\VulkanContextCreator.cpp">
      <Filter>src\VulkanEngine</Filter>
    </ClCompile>
    <ClCompile Include="src\VulkanEngineCore.cpp">
      <Filter>src\VulkanEngine</Filter>
    </ClCompile>
    <ClCompile Include="src\VulkanRenderContext.cpp">
      <Filter>src\VulkanEngine</Filter>
    </ClCompile>
    <ClCompile Include="src\VulkanRenderer.cpp">
      <Filter>src\VulkanEngine</Filter>
    </ClCompile>
    <ClCompile Include="src\VulkanRendererItem.cpp">
      <Filter>src\VulkanEngine</Filter>
    </ClCompile>
    <ClCompile Include="src\VulkanResourceManager.cpp">
      <Filter>src\VulkanEngine</Filter>
    </ClCompile>
    <ClCompile Include="src\clusterizer.cpp">
      <Filter>src\Utilities\SceneConversionTool</Filter>
    </ClCompile>
    <ClCompile Include="src\UtilsVulkan.cpp">
      <Filter>src\Utilities</Filter>
    </ClCompile>
    <ClCompile Include="src\UtilsCubemap.cpp">
      <Filter>src\Utilities</Filter>
    </ClCompile>
    <ClCompile Include="src\Utils.cpp">
      <Filter>src\Utilities</Filter>
    </ClCompile>
    <ClCompile Include="src\allocator.cpp">
      <Filter>src\Utilities</Filter>
    </ClCompile>
    <ClCompile Include="src\CpuResourceServiceProvider.cpp">
      <Filter>src\VulkanEngine</Filter>
    </ClCompile>
    <ClCompile Include="src\BoundingBoxWireframeRenderer.cpp">
      <Filter>src\VulkanRenderPasses</Filter>
    </ClCompile>
    <ClCompile Include="src\FrameGraph.cpp">
      <Filter>src\VulkanEngine</Filter>
    </ClCompile>
    <ClCompile Include="src\DeferredLightningRenderer.cpp">
      <Filter>src\VulkanRenderPasses</Filter>
    </ClCompile>
    <ClCompile Include="src\SSAORenderer.cpp">
      <Filter>src\VulkanRenderPasses</Filter>
    </ClCompile>
    <ClCompile Include="src\BoxBlurRenderer.cpp">
      <Filter>src\VulkanRenderPasses</Filter>
    </ClCompile>
    <ClCompile Include="src\ClearSwapchainDepthRenderer.cpp">
      <Filter>src\VulkanRenderPasses</Filter>
    </ClCompile>
    <ClCompile Include="src\PresentToColorAttachRenderer.cpp">
      <Filter>src\VulkanRenderPasses</Filter>
    </ClCompile>
    <ClCompile Include="src\DepthMapLightRenderer.cpp">
      <Filter>src\VulkanRenderPasses</Filter>
    </ClCompile>
    <ClCompile Include="src\SingleModelRenderer.cpp">
      <Filter>src\VulkanRenderPasses</Filter>
    </ClCompile>
    <ClCompile Include="src\ExtractBrightnessRenderer.cpp">
      <Filter>src\VulkanRenderPasses</Filter>
    </ClCompile>
    <ClCompile Include="src\GaussianBlurRenderer.cpp">
      <Filter>src\VulkanRenderPasses</Filter>
    </ClCompile>
    <ClCompile Include="src\BloomBlendBlurAndSceneRenderer.cpp">
      <Filter>src\VulkanRenderPasses</Filter>
    </ClCompile>
    <ClCompile Include="src\WireframeDebugTiledDeferredRenderer.cpp">
      <Filter>src\VulkanRenderPasses</Filter>
    </ClCompile>
  </ItemGroup>
  <ItemGroup>
    <ClInclude Include="src\AllInitialValues.hpp">
      <Filter>src\InitialValues</Filter>
    </ClInclude>
    <ClInclude Include="src\IndirectRenderer.hpp">
      <Filter>src\VulkanRenderPasses</Filter>
    </ClInclude>
    <ClInclude Include="src\DeferredComputeRenderer.hpp">
      <Filter>src\VulkanRenderPasses</Filter>
    </ClInclude>
    <ClInclude Include="src\DeferredForwardRenderer.hpp">
      <Filter>src\VulkanRenderPasses</Filter>
    </ClInclude>
    <ClInclude Include="src\GeometryConverter.hpp">
      <Filter>src\Utilities\SceneConversionTool</Filter>
    </ClInclude>
    <ClInclude Include="src\InstanceData.hpp">
      <Filter>src\Utilities\SceneConversionTool</Filter>
    </ClInclude>
    <ClInclude Include="src\ProcessSceneMetaData.hpp">
      <Filter>src\Utilities\SceneConversionTool</Filter>
    </ClInclude>
    <ClInclude Include="src\MaterialLoaderAndSaver.hpp">
      <Filter>src\Utilities\SceneConversionTool</Filter>
    </ClInclude>
    <ClInclude Include="src\Material.hpp">
      <Filter>src\Utilities\SceneConversionTool</Filter>
    </ClInclude>
    <ClInclude Include="src\MeshFileHeader.hpp">
      <Filter>src\Utilities\SceneConversionTool</Filter>
    </ClInclude>
    <ClInclude Include="src\SceneLoaderAndSaver.hpp">
      <Filter>src\Utilities\SceneConversionTool</Filter>
    </ClInclude>
    <ClInclude Include="src\Renderbase.hpp">
      <Filter>src\VulkanRenderPasses</Filter>
    </ClInclude>
    <ClInclude Include="src\Hierarchy.hpp">
      <Filter>src\Utilities\SceneConversionTool</Filter>
    </ClInclude>
    <ClInclude Include="src\Mesh.hpp">
      <Filter>src\Utilities\SceneConversionTool</Filter>
    </ClInclude>
    <ClInclude Include="src\Scene.hpp">
      <Filter>src\Utilities\SceneConversionTool</Filter>
    </ClInclude>
    <ClInclude Include="src\meshoptimizer.h">
      <Filter>src\Utilities\SceneConversionTool</Filter>
    </ClInclude>
    <ClInclude Include="src\SceneConverter.hpp">
      <Filter>src\Utilities\SceneConversionTool</Filter>
    </ClInclude>
    <ClInclude Include="src\SceneMetaData.hpp">
      <Filter>src\Utilities\SceneConversionTool</Filter>
    </ClInclude>
    <ClInclude Include="src\spirv.h">
      <Filter>src\VulkanEngine</Filter>
    </ClInclude>
    <ClInclude Include="src\spirv_reflect.h">
      <Filter>src\VulkanEngine</Filter>
    </ClInclude>
    <ClInclude Include="src\SpirvPipelineGenerator.hpp">
      <Filter>src\VulkanEngine</Filter>
    </ClInclude>
    <ClInclude Include="src\VulkanContextCreator.hpp">
      <Filter>src\VulkanEngine</Filter>
    </ClInclude>
    <ClInclude Include="src\VulkanEngineCore.hpp">
      <Filter>src\VulkanEngine</Filter>
    </ClInclude>
    <ClInclude Include="src\VulkanRenderContext.hpp">
      <Filter>src\VulkanEngine</Filter>
    </ClInclude>
    <ClInclude Include="src\VulkanRenderer.hpp">
      <Filter>src\VulkanEngine</Filter>
    </ClInclude>
    <ClInclude Include="src\VulkanRendererItem.hpp">
      <Filter>src\VulkanEngine</Filter>
    </ClInclude>
    <ClInclude Include="src\VulkanResourceManager.hpp">
      <Filter>src\VulkanEngine</Filter>
    </ClInclude>
    <ClInclude Include="src\Camera.h">
      <Filter>src\VulkanEngine</Filter>
    </ClInclude>
    <ClInclude Include="src\CameraStructure.hpp">
      <Filter>src\VulkanEngine</Filter>
    </ClInclude>
    <ClInclude Include="src\UtilTextureProcessing.hpp">
      <Filter>src\Utilities</Filter>
    </ClInclude>
    <ClInclude Include="src\UtilsVulkan.h">
      <Filter>src\Utilities</Filter>
    </ClInclude>
    <ClInclude Include="src\UtilsMath.h">
      <Filter>src\Utilities</Filter>
    </ClInclude>
    <ClInclude Include="src\UtilsFPS.h">
      <Filter>src\Utilities</Filter>
    </ClInclude>
    <ClInclude Include="src\UtilsCubemap.h">
      <Filter>src\Utilities</Filter>
    </ClInclude>
    <ClInclude Include="src\Utils.h">
      <Filter>src\Utilities</Filter>
    </ClInclude>
    <ClInclude Include="src\Trackball.h">
      <Filter>src\Utilities</Filter>
    </ClInclude>
    <ClInclude Include="src\Graph.h">
      <Filter>src\Utilities</Filter>
    </ClInclude>
    <ClInclude Include="src\ErrorCheck.hpp">
      <Filter>src\Utilities</Filter>
    </ClInclude>
    <ClInclude Include="src\EasyProfilerWrapper.h">
      <Filter>src\Utilities</Filter>
    </ClInclude>
    <ClInclude Include="src\debug.h">
      <Filter>src\Utilities</Filter>
    </ClInclude>
    <ClInclude Include="src\argh.h">
      <Filter>src\Utilities</Filter>
    </ClInclude>
    <ClInclude Include="src\CpuResourceServiceProvider.hpp">
      <Filter>src\VulkanEngine</Filter>
    </ClInclude>
    <ClInclude Include="src\BoundingBoxWireframeRenderer.hpp">
      <Filter>src\VulkanRenderPasses</Filter>
    </ClInclude>
    <ClInclude Include="src\FrameGraph.hpp">
      <Filter>src\VulkanEngine</Filter>
    </ClInclude>
    <ClInclude Include="src\DeferredLightningRenderer.hpp">
      <Filter>src\VulkanRenderPasses</Filter>
    </ClInclude>
    <ClInclude Include="src\SSAORenderer.hpp">
      <Filter>src\VulkanRenderPasses</Filter>
    </ClInclude>
    <ClInclude Include="src\BoxBlurRenderer.hpp">
      <Filter>src\VulkanRenderPasses</Filter>
    </ClInclude>
    <ClInclude Include="src\ClearSwapchainDepthRenderer.hpp">
      <Filter>src\VulkanRenderPasses</Filter>
    </ClInclude>
    <ClInclude Include="src\PresentToColorAttachRenderer.hpp">
      <Filter>src\VulkanRenderPasses</Filter>
    </ClInclude>
    <ClInclude Include="src\DepthMapLightRenderer.hpp">
      <Filter>src\VulkanRenderPasses</Filter>
    </ClInclude>
    <ClInclude Include="src\SingleModelRenderer.hpp">
      <Filter>src\VulkanRenderPasses</Filter>
    </ClInclude>
    <ClInclude Include="src\ExtractBrightnessRenderer.hpp">
      <Filter>src\VulkanRenderPasses</Filter>
    </ClInclude>
    <ClInclude Include="src\GaussianBlurRenderer.hpp">
      <Filter>src\VulkanRenderPasses</Filter>
    </ClInclude>
    <ClInclude Include="src\BloomBlendBlurAndSceneRenderer.hpp">
      <Filter>src\VulkanRenderPasses</Filter>
    </ClInclude>
    <ClInclude Include="src\WireframeDebugTiledDeferredRenderer.hpp">
      <Filter>src\VulkanRenderPasses</Filter>
    </ClInclude>
  </ItemGroup>
</Project>